
Microsoft Visual Studio Solution File, Format Version 12.00
# Visual Studio Version 17
VisualStudioVersion = 17.11.35222.181
MinimumVisualStudioVersion = 10.0.40219.1
Project("{FAE04EC0-301F-11D3-BF4B-00C04F79EFBC}") = "MultiTask_Asynchronous", "MultiTask_Asynchronous\MultiTask_Asynchronous.csproj", "{CE2B6F90-2FFE-4BD7-82EF-D446DF91780E}"
EndProject
Global
	GlobalSection(SolutionConfigurationPlatforms) = preSolution
		Debug|Any CPU = Debug|Any CPU
		Release|Any CPU = Release|Any CPU
	EndGlobalSection
	GlobalSection(ProjectConfigurationPlatforms) = postSolution
		{CE2B6F90-2FFE-4BD7-82EF-D446DF91780E}.Debug|Any CPU.ActiveCfg = Debug|Any CPU
		{CE2B6F90-2FFE-4BD7-82EF-D446DF91780E}.Debug|Any CPU.Build.0 = Debug|Any CPU
		{CE2B6F90-2FFE-4BD7-82EF-D446DF91780E}.Release|Any CPU.ActiveCfg = Release|Any CPU
		{CE2B6F90-2FFE-4BD7-82EF-D446DF91780E}.Release|Any CPU.Build.0 = Release|Any CPU
	EndGlobalSection
	GlobalSection(SolutionProperties) = preSolution
		HideSolutionNode = FALSE
	EndGlobalSection
	GlobalSection(ExtensibilityGlobals) = postSolution
		SolutionGuid = {18FBDBA1-8B8E-4853-9AE3-2EC576DCCDAF}
	EndGlobalSection
EndGlobal
